
Microsoft Visual Studio Solution File, Format Version 12.00
# Visual Studio Version 17
VisualStudioVersion = 17.14.36203.30 d17.14
MinimumVisualStudioVersion = 10.0.40219.1
Project("{FAE04EC0-301F-11D3-BF4B-00C04F79EFBC}") = "DiscGolf_Disc_Lookup_CLI", "DiscGolf_Disc_Lookup_CLI\DiscGolf_Disc_Lookup_CLI.csproj", "{B0780C36-05BA-4B90-8F2C-EAC4C81604FB}"
EndProject
Global
	GlobalSection(SolutionConfigurationPlatforms) = preSolution
		Debug|Any CPU = Debug|Any CPU
		Release|Any CPU = Release|Any CPU
	EndGlobalSection
	GlobalSection(ProjectConfigurationPlatforms) = postSolution
		{B0780C36-05BA-4B90-8F2C-EAC4C81604FB}.Debug|Any CPU.ActiveCfg = Debug|Any CPU
		{B0780C36-05BA-4B90-8F2C-EAC4C81604FB}.Debug|Any CPU.Build.0 = Debug|Any CPU
		{B0780C36-05BA-4B90-8F2C-EAC4C81604FB}.Release|Any CPU.ActiveCfg = Release|Any CPU
		{B0780C36-05BA-4B90-8F2C-EAC4C81604FB}.Release|Any CPU.Build.0 = Release|Any CPU
	EndGlobalSection
	GlobalSection(SolutionProperties) = preSolution
		HideSolutionNode = FALSE
	EndGlobalSection
	GlobalSection(ExtensibilityGlobals) = postSolution
		SolutionGuid = {F65C7A47-8914-42F2-BD9F-387A8E5754DA}
	EndGlobalSection
EndGlobal
